
Microsoft Visual Studio Solution File, Format Version 12.00
# Visual Studio Version 17
VisualStudioVersion = 17.2.32526.322
MinimumVisualStudioVersion = 10.0.40219.1
Project("{FAE04EC0-301F-11D3-BF4B-00C04F79EFBC}") = "WC3LanGame", "WC3LanGame\WC3LanGame.csproj", "{829653B2-B48A-4819-A993-BA3E62830062}"
EndProject
Global
	GlobalSection(SolutionConfigurationPlatforms) = preSolution
		Debug|Any CPU = Debug|Any CPU
		Release|Any CPU = Release|Any CPU
	EndGlobalSection
	GlobalSection(ProjectConfigurationPlatforms) = postSolution
		{829653B2-B48A-4819-A993-BA3E62830062}.Debug|Any CPU.ActiveCfg = Debug|Any CPU
		{829653B2-B48A-4819-A993-BA3E62830062}.Debug|Any CPU.Build.0 = Debug|Any CPU
		{829653B2-B48A-4819-A993-BA3E62830062}.Release|Any CPU.ActiveCfg = Release|Any CPU
		{829653B2-B48A-4819-A993-BA3E62830062}.Release|Any CPU.Build.0 = Release|Any CPU
	EndGlobalSection
	GlobalSection(SolutionProperties) = preSolution
		HideSolutionNode = FALSE
	EndGlobalSection
	GlobalSection(ExtensibilityGlobals) = postSolution
		SolutionGuid = {28500371-0811-4246-802F-F7053837D905}
	EndGlobalSection
EndGlobal
